
Microsoft Visual Studio Solution File, Format Version 12.00
# Visual Studio Version 17
VisualStudioVersion = 17.6.33927.249
MinimumVisualStudioVersion = 10.0.40219.1
Project("{FAE04EC0-301F-11D3-BF4B-00C04F79EFBC}") = "EFCoreDatabaseFirstSample", "EFCoreDatabaseFirstSample.csproj", "{FC65A8CB-2FAA-4907-AC71-EA4ABBD3D826}"
EndProject
Global
	GlobalSection(SolutionConfigurationPlatforms) = preSolution
		Debug|Any CPU = Debug|Any CPU
		Release|Any CPU = Release|Any CPU
	EndGlobalSection
	GlobalSection(ProjectConfigurationPlatforms) = postSolution
		{FC65A8CB-2FAA-4907-AC71-EA4ABBD3D826}.Debug|Any CPU.ActiveCfg = Debug|Any CPU
		{FC65A8CB-2FAA-4907-AC71-EA4ABBD3D826}.Debug|Any CPU.Build.0 = Debug|Any CPU
		{FC65A8CB-2FAA-4907-AC71-EA4ABBD3D826}.Release|Any CPU.ActiveCfg = Release|Any CPU
		{FC65A8CB-2FAA-4907-AC71-EA4ABBD3D826}.Release|Any CPU.Build.0 = Release|Any CPU
	EndGlobalSection
	GlobalSection(SolutionProperties) = preSolution
		HideSolutionNode = FALSE
	EndGlobalSection
	GlobalSection(ExtensibilityGlobals) = postSolution
		SolutionGuid = {4F571302-BD82-4779-BE27-8AC67E5A0E10}
	EndGlobalSection
EndGlobal
